
Microsoft Visual Studio Solution File, Format Version 12.00
# Visual Studio Version 17
VisualStudioVersion = 17.10.35027.167
MinimumVisualStudioVersion = 10.0.40219.1
Project("{9A19103F-16F7-4668-BE54-9A1E7A4F7556}") = "CsharpMasterclass", "CsharpMasterclass.csproj", "{829B4CAB-0D5E-44C0-9334-D5C4EB1D12DA}"
EndProject
Project("{9A19103F-16F7-4668-BE54-9A1E7A4F7556}") = "Assignment1_Calculator", "..\Assignment1_Calculator\Assignment1_Calculator.csproj", "{7AE50732-E700-4FF0-8452-1C54ECA0C997}"
EndProject
Project("{9A19103F-16F7-4668-BE54-9A1E7A4F7556}") = "Arrays", "..\Arrays\Arrays.csproj", "{8F155CAD-6D9A-4531-804E-1E20CC6F8865}"
EndProject
Project("{9A19103F-16F7-4668-BE54-9A1E7A4F7556}") = "Lists", "..\Lists\Lists.csproj", "{027C5EDE-2D76-4EBB-813D-63F22DF15710}"
EndProject
Project("{9A19103F-16F7-4668-BE54-9A1E7A4F7556}") = "TodoList", "..\TodoList\TodoList.csproj", "{58565A14-F317-4C91-8F48-D312EE179610}"
EndProject
Project("{9A19103F-16F7-4668-BE54-9A1E7A4F7556}") = "Classes", "..\Classes\Classes.csproj", "{6DFB37C6-20C8-4D8A-BD08-3360D72A7290}"
EndProject
Project("{9A19103F-16F7-4668-BE54-9A1E7A4F7556}") = "Assignment2_DiceRoll_myTry", "..\DiceRoll\Assignment2_DiceRoll_myTry.csproj", "{DEDB8C8A-D55E-48BF-BBD8-32C092593D9C}"
EndProject
Project("{9A19103F-16F7-4668-BE54-9A1E7A4F7556}") = "Names_SingleResponsabilityPrinciple", "..\Names_SingleResponsabilityPrinciple\Names_SingleResponsabilityPrinciple.csproj", "{9A6E3395-C71E-4FBB-911C-FB5437DF201D}"
EndProject
Project("{9A19103F-16F7-4668-BE54-9A1E7A4F7556}") = "Assignment2_DiceRoll_Solution", "..\Assignment2_DiceRoll_Solution\Assignment2_DiceRoll_Solution.csproj", "{CCE1A12B-9438-41B3-ADD7-F41C7A2C8483}"
EndProject
Project("{9A19103F-16F7-4668-BE54-9A1E7A4F7556}") = "OOP_Principles", "..\OOP_Principles\OOP_Principles.csproj", "{46BBFFA6-1E1D-45F3-A31F-7C51F36F2F04}"
EndProject
Project("{9A19103F-16F7-4668-BE54-9A1E7A4F7556}") = "DEPENDENCIES", "..\testing\DEPENDENCIES.csproj", "{19BCF9FC-FA94-4E91-8037-A859FB7CCA3A}"
EndProject
Project("{9A19103F-16F7-4668-BE54-9A1E7A4F7556}") = "DEPENDENCY_INJECTION", "..\DEPENDENCY_INJECTION\DEPENDENCY_INJECTION.csproj", "{8C1D1A0E-FACB-40AA-A449-8C1D1536338D}"
EndProject
Project("{9A19103F-16F7-4668-BE54-9A1E7A4F7556}") = "DEPENDENCY_INJECTION_ABSTRACT", "..\DEPENDENCY_INJECTION_ABSTRACT\DEPENDENCY_INJECTION_ABSTRACT.csproj", "{68DAF4CB-8DC0-42C7-B8F3-5B4EB2AD4528}"
EndProject
Project("{9A19103F-16F7-4668-BE54-9A1E7A4F7556}") = "DEPENDENCY_INJECTION_INTERFACE", "..\DEPENDENCY_INJECTION_INTERFACE\DEPENDENCY_INJECTION_INTERFACE.csproj", "{62EDAECA-F1E5-46BF-B971-A96E58B84306}"
EndProject
Project("{9A19103F-16F7-4668-BE54-9A1E7A4F7556}") = "ABSTRACT_CLASSES", "..\ABSTRACT_CLASSES\ABSTRACT_CLASSES.csproj", "{D1773F6F-F7EC-4577-87A3-7E3701D56D1F}"
EndProject
Project("{9A19103F-16F7-4668-BE54-9A1E7A4F7556}") = "PRIVATE_READONLY", "..\PRIVATE_READONLY\PRIVATE_READONLY.csproj", "{DECFBCD1-E569-48A7-9C51-8F5AA4A887D7}"
EndProject
Project("{9A19103F-16F7-4668-BE54-9A1E7A4F7556}") = "ABSTRACT_AND_INTERFACE_DEPENDENCY_INJECTION", "..\ABSTRACT_AND_INTERFACE_DEPENDENCY_INJECTION\ABSTRACT_AND_INTERFACE_DEPENDENCY_INJECTION.csproj", "{A9ADCEB7-29F8-4AF9-9DDA-E38981C75240}"
EndProject
Project("{9A19103F-16F7-4668-BE54-9A1E7A4F7556}") = "ABSTRACT_INTERFACE_1", "..\ABSTRACT_INTERFACE_1\ABSTRACT_INTERFACE_1.csproj", "{813F54A2-A93C-4B60-8A4C-80097E39A445}"
EndProject
Project("{9A19103F-16F7-4668-BE54-9A1E7A4F7556}") = "PROPERTIES_IENUMERABLE", "..\PROPERTIES_IENUMERABLE\PROPERTIES_IENUMERABLE.csproj", "{6D7F4F53-FFFE-4F71-839C-A7058117000F}"
EndProject
Project("{9A19103F-16F7-4668-BE54-9A1E7A4F7556}") = "ENUM_EXTENSION_CLASS", "..\ENUM_EXTENSION_CLASS\ENUM_EXTENSION_CLASS.csproj", "{B8E7CAC9-C448-4469-98D2-57F506C94C9A}"
EndProject
Project("{9A19103F-16F7-4668-BE54-9A1E7A4F7556}") = "TEMPLATE_METHOD_DESIGN_PATTERN", "..\TEMPLATE_METHOD_DESIGN_PATTERN\TEMPLATE_METHOD_DESIGN_PATTERN.csproj", "{ABAE1725-E7E4-4A4A-B5CF-0F4069CDE217}"
EndProject
Project("{9A19103F-16F7-4668-BE54-9A1E7A4F7556}") = "ERROR_HANDLING", "..\ERROR_HANDLING\ERROR_HANDLING.csproj", "{A280067C-6C20-4B37-9092-3CAF04F2C060}"
EndProject
Project("{9A19103F-16F7-4668-BE54-9A1E7A4F7556}") = "Assignment4_GameDataParser_ErrorHandling", "..\Assignment4_GameDataParser_ErrorHandling\Assignment4_GameDataParser_ErrorHandling.csproj", "{4133D008-1D9E-43BC-92FF-338E0DB1504E}"
EndProject
Project("{9A19103F-16F7-4668-BE54-9A1E7A4F7556}") = "FUNCS_AND_ACTIONS", "..\FUNCS_AND_ACTIONS\FUNCS_AND_ACTIONS.csproj", "{8D6EB502-4083-4EA8-B2FF-33EAB1C1BC4C}"
EndProject
Project("{9A19103F-16F7-4668-BE54-9A1E7A4F7556}") = "DICTIONARIES", "..\DICTIONARIES\DICTIONARIES.csproj", "{31D1E619-86C3-4C1F-84E4-117365568C6A}"
EndProject
Project("{9A19103F-16F7-4668-BE54-9A1E7A4F7556}") = "DICTIONARIES_2", "..\DICTIONARIES_2\DICTIONARIES_2.csproj", "{E02E0FAD-30B3-4457-9293-EC690CF88E6E}"
EndProject
Project("{9A19103F-16F7-4668-BE54-9A1E7A4F7556}") = "STRATEGY_DESIGN_PATTERN", "..\STRATEGY_DESIGN_PATTERN\STRATEGY_DESIGN_PATTERN.csproj", "{6411DC4E-5849-4FBC-849F-40E0588E3268}"
EndProject
Project("{FAE04EC0-301F-11D3-BF4B-00C04F79EFBC}") = "CACHE_ASSIGNMENT", "..\CACHE_ASSIGNMENT\CACHE_ASSIGNMENT.csproj", "{8C4D86CC-4EE9-472F-9C09-D5CF915BFBD2}"
EndProject
Project("{FAE04EC0-301F-11D3-BF4B-00C04F79EFBC}") = "DISPOSE_STREAMWRITER", "..\DISPOSE_STREAMWRITER\DISPOSE_STREAMWRITER.csproj", "{435D5FB1-37C1-4DD5-B18C-3BE9C22E4729}"
EndProject
Project("{FAE04EC0-301F-11D3-BF4B-00C04F79EFBC}") = "LINQ_exercises", "..\LINQ_exercises\LINQ_exercises.csproj", "{E7046EA8-B53B-422C-8747-E18C38390E23}"
EndProject
Project("{FAE04EC0-301F-11D3-BF4B-00C04F79EFBC}") = "CSV_file_READER", "..\CSV_file_READER\CSV_file_READER.csproj", "{4F94EC5F-FF57-4354-9235-13127A53197A}"
EndProject
Project("{FAE04EC0-301F-11D3-BF4B-00C04F79EFBC}") = "DATES", "..\DATES\DATES.csproj", "{B4D110B8-EF16-405F-A0F2-F1350153C3DF}"
EndProject
Project("{FAE04EC0-301F-11D3-BF4B-00C04F79EFBC}") = "SWITCH", "..\SWITCH\SWITCH.csproj", "{1A3FDC50-3747-4CB1-BAC7-464D28AF0BFD}"
EndProject
Project("{FAE04EC0-301F-11D3-BF4B-00C04F79EFBC}") = "NULLABLE_REFERENCE_TYPE", "..\NULLABLE_REFERENCE_TYPE\NULLABLE_REFERENCE_TYPE.csproj", "{2E68EFF4-EF3A-434B-BD26-E7D6449ADD3C}"
EndProject
Project("{FAE04EC0-301F-11D3-BF4B-00C04F79EFBC}") = "RECORDS", "..\RECORDS\RECORDS.csproj", "{35D348A2-3279-4BD5-AF28-302D19F6FE25}"
EndProject
Project("{FAE04EC0-301F-11D3-BF4B-00C04F79EFBC}") = "SORTING_ALGORITHMS", "..\SORTING_ALGORITHMS\SORTING_ALGORITHMS.csproj", "{44FD830B-7B6A-4038-AEA6-1D0171362985}"
EndProject
Project("{FAE04EC0-301F-11D3-BF4B-00C04F79EFBC}") = "DOUBLY_LINKED_LIST", "..\DOUBLY_LINKED_LIST\DOUBLY_LINKED_LIST.csproj", "{616E5DAF-C208-42BA-9202-A4D3D0BFF0E5}"
EndProject
Project("{FAE04EC0-301F-11D3-BF4B-00C04F79EFBC}") = "QUEUE", "..\QUEUE\QUEUE.csproj", "{2173F225-DB40-439E-A7D3-A6E6C414CE06}"
EndProject
Project("{FAE04EC0-301F-11D3-BF4B-00C04F79EFBC}") = "HASHSET", "..\HASHSET\HASHSET.csproj", "{7C8909E6-C035-4264-ADF8-6F9B9431859E}"
EndProject
Project("{FAE04EC0-301F-11D3-BF4B-00C04F79EFBC}") = "BINARY_TREE", "..\BINARY_TREE\BINARY_TREE.csproj", "{31D9D053-64EA-4364-99C8-F662E9BDA16C}"
EndProject
Global
	GlobalSection(SolutionConfigurationPlatforms) = preSolution
		Debug|Any CPU = Debug|Any CPU
		Release|Any CPU = Release|Any CPU
	EndGlobalSection
	GlobalSection(ProjectConfigurationPlatforms) = postSolution
		{829B4CAB-0D5E-44C0-9334-D5C4EB1D12DA}.Debug|Any CPU.ActiveCfg = Debug|Any CPU
		{829B4CAB-0D5E-44C0-9334-D5C4EB1D12DA}.Debug|Any CPU.Build.0 = Debug|Any CPU
		{829B4CAB-0D5E-44C0-9334-D5C4EB1D12DA}.Release|Any CPU.ActiveCfg = Release|Any CPU
		{829B4CAB-0D5E-44C0-9334-D5C4EB1D12DA}.Release|Any CPU.Build.0 = Release|Any CPU
		{7AE50732-E700-4FF0-8452-1C54ECA0C997}.Debug|Any CPU.ActiveCfg = Debug|Any CPU
		{7AE50732-E700-4FF0-8452-1C54ECA0C997}.Debug|Any CPU.Build.0 = Debug|Any CPU
		{7AE50732-E700-4FF0-8452-1C54ECA0C997}.Release|Any CPU.ActiveCfg = Release|Any CPU
		{7AE50732-E700-4FF0-8452-1C54ECA0C997}.Release|Any CPU.Build.0 = Release|Any CPU
		{8F155CAD-6D9A-4531-804E-1E20CC6F8865}.Debug|Any CPU.ActiveCfg = Debug|Any CPU
		{8F155CAD-6D9A-4531-804E-1E20CC6F8865}.Debug|Any CPU.Build.0 = Debug|Any CPU
		{8F155CAD-6D9A-4531-804E-1E20CC6F8865}.Release|Any CPU.ActiveCfg = Release|Any CPU
		{8F155CAD-6D9A-4531-804E-1E20CC6F8865}.Release|Any CPU.Build.0 = Release|Any CPU
		{027C5EDE-2D76-4EBB-813D-63F22DF15710}.Debug|Any CPU.ActiveCfg = Debug|Any CPU
		{027C5EDE-2D76-4EBB-813D-63F22DF15710}.Debug|Any CPU.Build.0 = Debug|Any CPU
		{027C5EDE-2D76-4EBB-813D-63F22DF15710}.Release|Any CPU.ActiveCfg = Release|Any CPU
		{027C5EDE-2D76-4EBB-813D-63F22DF15710}.Release|Any CPU.Build.0 = Release|Any CPU
		{58565A14-F317-4C91-8F48-D312EE179610}.Debug|Any CPU.ActiveCfg = Debug|Any CPU
		{58565A14-F317-4C91-8F48-D312EE179610}.Debug|Any CPU.Build.0 = Debug|Any CPU
		{58565A14-F317-4C91-8F48-D312EE179610}.Release|Any CPU.ActiveCfg = Release|Any CPU
		{58565A14-F317-4C91-8F48-D312EE179610}.Release|Any CPU.Build.0 = Release|Any CPU
		{6DFB37C6-20C8-4D8A-BD08-3360D72A7290}.Debug|Any CPU.ActiveCfg = Debug|Any CPU
		{6DFB37C6-20C8-4D8A-BD08-3360D72A7290}.Debug|Any CPU.Build.0 = Debug|Any CPU
		{6DFB37C6-20C8-4D8A-BD08-3360D72A7290}.Release|Any CPU.ActiveCfg = Release|Any CPU
		{6DFB37C6-20C8-4D8A-BD08-3360D72A7290}.Release|Any CPU.Build.0 = Release|Any CPU
		{DEDB8C8A-D55E-48BF-BBD8-32C092593D9C}.Debug|Any CPU.ActiveCfg = Debug|Any CPU
		{DEDB8C8A-D55E-48BF-BBD8-32C092593D9C}.Debug|Any CPU.Build.0 = Debug|Any CPU
		{DEDB8C8A-D55E-48BF-BBD8-32C092593D9C}.Release|Any CPU.ActiveCfg = Release|Any CPU
		{DEDB8C8A-D55E-48BF-BBD8-32C092593D9C}.Release|Any CPU.Build.0 = Release|Any CPU
		{9A6E3395-C71E-4FBB-911C-FB5437DF201D}.Debug|Any CPU.ActiveCfg = Debug|Any CPU
		{9A6E3395-C71E-4FBB-911C-FB5437DF201D}.Debug|Any CPU.Build.0 = Debug|Any CPU
		{9A6E3395-C71E-4FBB-911C-FB5437DF201D}.Release|Any CPU.ActiveCfg = Release|Any CPU
		{9A6E3395-C71E-4FBB-911C-FB5437DF201D}.Release|Any CPU.Build.0 = Release|Any CPU
		{CCE1A12B-9438-41B3-ADD7-F41C7A2C8483}.Debug|Any CPU.ActiveCfg = Debug|Any CPU
		{CCE1A12B-9438-41B3-ADD7-F41C7A2C8483}.Debug|Any CPU.Build.0 = Debug|Any CPU
		{CCE1A12B-9438-41B3-ADD7-F41C7A2C8483}.Release|Any CPU.ActiveCfg = Release|Any CPU
		{CCE1A12B-9438-41B3-ADD7-F41C7A2C8483}.Release|Any CPU.Build.0 = Release|Any CPU
		{46BBFFA6-1E1D-45F3-A31F-7C51F36F2F04}.Debug|Any CPU.ActiveCfg = Debug|Any CPU
		{46BBFFA6-1E1D-45F3-A31F-7C51F36F2F04}.Debug|Any CPU.Build.0 = Debug|Any CPU
		{46BBFFA6-1E1D-45F3-A31F-7C51F36F2F04}.Release|Any CPU.ActiveCfg = Release|Any CPU
		{46BBFFA6-1E1D-45F3-A31F-7C51F36F2F04}.Release|Any CPU.Build.0 = Release|Any CPU
		{19BCF9FC-FA94-4E91-8037-A859FB7CCA3A}.Debug|Any CPU.ActiveCfg = Debug|Any CPU
		{19BCF9FC-FA94-4E91-8037-A859FB7CCA3A}.Debug|Any CPU.Build.0 = Debug|Any CPU
		{19BCF9FC-FA94-4E91-8037-A859FB7CCA3A}.Release|Any CPU.ActiveCfg = Release|Any CPU
		{19BCF9FC-FA94-4E91-8037-A859FB7CCA3A}.Release|Any CPU.Build.0 = Release|Any CPU
		{8C1D1A0E-FACB-40AA-A449-8C1D1536338D}.Debug|Any CPU.ActiveCfg = Debug|Any CPU
		{8C1D1A0E-FACB-40AA-A449-8C1D1536338D}.Debug|Any CPU.Build.0 = Debug|Any CPU
		{8C1D1A0E-FACB-40AA-A449-8C1D1536338D}.Release|Any CPU.ActiveCfg = Release|Any CPU
		{8C1D1A0E-FACB-40AA-A449-8C1D1536338D}.Release|Any CPU.Build.0 = Release|Any CPU
		{68DAF4CB-8DC0-42C7-B8F3-5B4EB2AD4528}.Debug|Any CPU.ActiveCfg = Debug|Any CPU
		{68DAF4CB-8DC0-42C7-B8F3-5B4EB2AD4528}.Debug|Any CPU.Build.0 = Debug|Any CPU
		{68DAF4CB-8DC0-42C7-B8F3-5B4EB2AD4528}.Release|Any CPU.ActiveCfg = Release|Any CPU
		{68DAF4CB-8DC0-42C7-B8F3-5B4EB2AD4528}.Release|Any CPU.Build.0 = Release|Any CPU
		{62EDAECA-F1E5-46BF-B971-A96E58B84306}.Debug|Any CPU.ActiveCfg = Debug|Any CPU
		{62EDAECA-F1E5-46BF-B971-A96E58B84306}.Debug|Any CPU.Build.0 = Debug|Any CPU
		{62EDAECA-F1E5-46BF-B971-A96E58B84306}.Release|Any CPU.ActiveCfg = Release|Any CPU
		{62EDAECA-F1E5-46BF-B971-A96E58B84306}.Release|Any CPU.Build.0 = Release|Any CPU
		{D1773F6F-F7EC-4577-87A3-7E3701D56D1F}.Debug|Any CPU.ActiveCfg = Debug|Any CPU
		{D1773F6F-F7EC-4577-87A3-7E3701D56D1F}.Debug|Any CPU.Build.0 = Debug|Any CPU
		{D1773F6F-F7EC-4577-87A3-7E3701D56D1F}.Release|Any CPU.ActiveCfg = Release|Any CPU
		{D1773F6F-F7EC-4577-87A3-7E3701D56D1F}.Release|Any CPU.Build.0 = Release|Any CPU
		{DECFBCD1-E569-48A7-9C51-8F5AA4A887D7}.Debug|Any CPU.ActiveCfg = Debug|Any CPU
		{DECFBCD1-E569-48A7-9C51-8F5AA4A887D7}.Debug|Any CPU.Build.0 = Debug|Any CPU
		{DECFBCD1-E569-48A7-9C51-8F5AA4A887D7}.Release|Any CPU.ActiveCfg = Release|Any CPU
		{DECFBCD1-E569-48A7-9C51-8F5AA4A887D7}.Release|Any CPU.Build.0 = Release|Any CPU
		{A9ADCEB7-29F8-4AF9-9DDA-E38981C75240}.Debug|Any CPU.ActiveCfg = Debug|Any CPU
		{A9ADCEB7-29F8-4AF9-9DDA-E38981C75240}.Debug|Any CPU.Build.0 = Debug|Any CPU
		{A9ADCEB7-29F8-4AF9-9DDA-E38981C75240}.Release|Any CPU.ActiveCfg = Release|Any CPU
		{A9ADCEB7-29F8-4AF9-9DDA-E38981C75240}.Release|Any CPU.Build.0 = Release|Any CPU
		{813F54A2-A93C-4B60-8A4C-80097E39A445}.Debug|Any CPU.ActiveCfg = Debug|Any CPU
		{813F54A2-A93C-4B60-8A4C-80097E39A445}.Debug|Any CPU.Build.0 = Debug|Any CPU
		{813F54A2-A93C-4B60-8A4C-80097E39A445}.Release|Any CPU.ActiveCfg = Release|Any CPU
		{813F54A2-A93C-4B60-8A4C-80097E39A445}.Release|Any CPU.Build.0 = Release|Any CPU
		{6D7F4F53-FFFE-4F71-839C-A7058117000F}.Debug|Any CPU.ActiveCfg = Debug|Any CPU
		{6D7F4F53-FFFE-4F71-839C-A7058117000F}.Debug|Any CPU.Build.0 = Debug|Any CPU
		{6D7F4F53-FFFE-4F71-839C-A7058117000F}.Release|Any CPU.ActiveCfg = Release|Any CPU
		{6D7F4F53-FFFE-4F71-839C-A7058117000F}.Release|Any CPU.Build.0 = Release|Any CPU
		{B8E7CAC9-C448-4469-98D2-57F506C94C9A}.Debug|Any CPU.ActiveCfg = Debug|Any CPU
		{B8E7CAC9-C448-4469-98D2-57F506C94C9A}.Debug|Any CPU.Build.0 = Debug|Any CPU
		{B8E7CAC9-C448-4469-98D2-57F506C94C9A}.Release|Any CPU.ActiveCfg = Release|Any CPU
		{B8E7CAC9-C448-4469-98D2-57F506C94C9A}.Release|Any CPU.Build.0 = Release|Any CPU
		{ABAE1725-E7E4-4A4A-B5CF-0F4069CDE217}.Debug|Any CPU.ActiveCfg = Debug|Any CPU
		{ABAE1725-E7E4-4A4A-B5CF-0F4069CDE217}.Debug|Any CPU.Build.0 = Debug|Any CPU
		{ABAE1725-E7E4-4A4A-B5CF-0F4069CDE217}.Release|Any CPU.ActiveCfg = Release|Any CPU
		{ABAE1725-E7E4-4A4A-B5CF-0F4069CDE217}.Release|Any CPU.Build.0 = Release|Any CPU
		{A280067C-6C20-4B37-9092-3CAF04F2C060}.Debug|Any CPU.ActiveCfg = Debug|Any CPU
		{A280067C-6C20-4B37-9092-3CAF04F2C060}.Debug|Any CPU.Build.0 = Debug|Any CPU
		{A280067C-6C20-4B37-9092-3CAF04F2C060}.Release|Any CPU.ActiveCfg = Release|Any CPU
		{A280067C-6C20-4B37-9092-3CAF04F2C060}.Release|Any CPU.Build.0 = Release|Any CPU
		{4133D008-1D9E-43BC-92FF-338E0DB1504E}.Debug|Any CPU.ActiveCfg = Debug|Any CPU
		{4133D008-1D9E-43BC-92FF-338E0DB1504E}.Debug|Any CPU.Build.0 = Debug|Any CPU
		{4133D008-1D9E-43BC-92FF-338E0DB1504E}.Release|Any CPU.ActiveCfg = Release|Any CPU
		{4133D008-1D9E-43BC-92FF-338E0DB1504E}.Release|Any CPU.Build.0 = Release|Any CPU
		{8D6EB502-4083-4EA8-B2FF-33EAB1C1BC4C}.Debug|Any CPU.ActiveCfg = Debug|Any CPU
		{8D6EB502-4083-4EA8-B2FF-33EAB1C1BC4C}.Debug|Any CPU.Build.0 = Debug|Any CPU
		{8D6EB502-4083-4EA8-B2FF-33EAB1C1BC4C}.Release|Any CPU.ActiveCfg = Release|Any CPU
		{8D6EB502-4083-4EA8-B2FF-33EAB1C1BC4C}.Release|Any CPU.Build.0 = Release|Any CPU
		{31D1E619-86C3-4C1F-84E4-117365568C6A}.Debug|Any CPU.ActiveCfg = Debug|Any CPU
		{31D1E619-86C3-4C1F-84E4-117365568C6A}.Debug|Any CPU.Build.0 = Debug|Any CPU
		{31D1E619-86C3-4C1F-84E4-117365568C6A}.Release|Any CPU.ActiveCfg = Release|Any CPU
		{31D1E619-86C3-4C1F-84E4-117365568C6A}.Release|Any CPU.Build.0 = Release|Any CPU
		{E02E0FAD-30B3-4457-9293-EC690CF88E6E}.Debug|Any CPU.ActiveCfg = Debug|Any CPU
		{E02E0FAD-30B3-4457-9293-EC690CF88E6E}.Debug|Any CPU.Build.0 = Debug|Any CPU
		{E02E0FAD-30B3-4457-9293-EC690CF88E6E}.Release|Any CPU.ActiveCfg = Release|Any CPU
		{E02E0FAD-30B3-4457-9293-EC690CF88E6E}.Release|Any CPU.Build.0 = Release|Any CPU
		{6411DC4E-5849-4FBC-849F-40E0588E3268}.Debug|Any CPU.ActiveCfg = Debug|Any CPU
		{6411DC4E-5849-4FBC-849F-40E0588E3268}.Debug|Any CPU.Build.0 = Debug|Any CPU
		{6411DC4E-5849-4FBC-849F-40E0588E3268}.Release|Any CPU.ActiveCfg = Release|Any CPU
		{6411DC4E-5849-4FBC-849F-40E0588E3268}.Release|Any CPU.Build.0 = Release|Any CPU
		{8C4D86CC-4EE9-472F-9C09-D5CF915BFBD2}.Debug|Any CPU.ActiveCfg = Debug|Any CPU
		{8C4D86CC-4EE9-472F-9C09-D5CF915BFBD2}.Debug|Any CPU.Build.0 = Debug|Any CPU
		{8C4D86CC-4EE9-472F-9C09-D5CF915BFBD2}.Release|Any CPU.ActiveCfg = Release|Any CPU
		{8C4D86CC-4EE9-472F-9C09-D5CF915BFBD2}.Release|Any CPU.Build.0 = Release|Any CPU
		{435D5FB1-37C1-4DD5-B18C-3BE9C22E4729}.Debug|Any CPU.ActiveCfg = Debug|Any CPU
		{435D5FB1-37C1-4DD5-B18C-3BE9C22E4729}.Debug|Any CPU.Build.0 = Debug|Any CPU
		{435D5FB1-37C1-4DD5-B18C-3BE9C22E4729}.Release|Any CPU.ActiveCfg = Release|Any CPU
		{435D5FB1-37C1-4DD5-B18C-3BE9C22E4729}.Release|Any CPU.Build.0 = Release|Any CPU
		{E7046EA8-B53B-422C-8747-E18C38390E23}.Debug|Any CPU.ActiveCfg = Debug|Any CPU
		{E7046EA8-B53B-422C-8747-E18C38390E23}.Debug|Any CPU.Build.0 = Debug|Any CPU
		{E7046EA8-B53B-422C-8747-E18C38390E23}.Release|Any CPU.ActiveCfg = Release|Any CPU
		{E7046EA8-B53B-422C-8747-E18C38390E23}.Release|Any CPU.Build.0 = Release|Any CPU
		{4F94EC5F-FF57-4354-9235-13127A53197A}.Debug|Any CPU.ActiveCfg = Debug|Any CPU
		{4F94EC5F-FF57-4354-9235-13127A53197A}.Debug|Any CPU.Build.0 = Debug|Any CPU
		{4F94EC5F-FF57-4354-9235-13127A53197A}.Release|Any CPU.ActiveCfg = Release|Any CPU
		{4F94EC5F-FF57-4354-9235-13127A53197A}.Release|Any CPU.Build.0 = Release|Any CPU
		{B4D110B8-EF16-405F-A0F2-F1350153C3DF}.Debug|Any CPU.ActiveCfg = Debug|Any CPU
		{B4D110B8-EF16-405F-A0F2-F1350153C3DF}.Debug|Any CPU.Build.0 = Debug|Any CPU
		{B4D110B8-EF16-405F-A0F2-F1350153C3DF}.Release|Any CPU.ActiveCfg = Release|Any CPU
		{B4D110B8-EF16-405F-A0F2-F1350153C3DF}.Release|Any CPU.Build.0 = Release|Any CPU
		{1A3FDC50-3747-4CB1-BAC7-464D28AF0BFD}.Debug|Any CPU.ActiveCfg = Debug|Any CPU
		{1A3FDC50-3747-4CB1-BAC7-464D28AF0BFD}.Debug|Any CPU.Build.0 = Debug|Any CPU
		{1A3FDC50-3747-4CB1-BAC7-464D28AF0BFD}.Release|Any CPU.ActiveCfg = Release|Any CPU
		{1A3FDC50-3747-4CB1-BAC7-464D28AF0BFD}.Release|Any CPU.Build.0 = Release|Any CPU
		{2E68EFF4-EF3A-434B-BD26-E7D6449ADD3C}.Debug|Any CPU.ActiveCfg = Debug|Any CPU
		{2E68EFF4-EF3A-434B-BD26-E7D6449ADD3C}.Debug|Any CPU.Build.0 = Debug|Any CPU
		{2E68EFF4-EF3A-434B-BD26-E7D6449ADD3C}.Release|Any CPU.ActiveCfg = Release|Any CPU
		{2E68EFF4-EF3A-434B-BD26-E7D6449ADD3C}.Release|Any CPU.Build.0 = Release|Any CPU
		{35D348A2-3279-4BD5-AF28-302D19F6FE25}.Debug|Any CPU.ActiveCfg = Debug|Any CPU
		{35D348A2-3279-4BD5-AF28-302D19F6FE25}.Debug|Any CPU.Build.0 = Debug|Any CPU
		{35D348A2-3279-4BD5-AF28-302D19F6FE25}.Release|Any CPU.ActiveCfg = Release|Any CPU
		{35D348A2-3279-4BD5-AF28-302D19F6FE25}.Release|Any CPU.Build.0 = Release|Any CPU
		{44FD830B-7B6A-4038-AEA6-1D0171362985}.Debug|Any CPU.ActiveCfg = Debug|Any CPU
		{44FD830B-7B6A-4038-AEA6-1D0171362985}.Debug|Any CPU.Build.0 = Debug|Any CPU
		{44FD830B-7B6A-4038-AEA6-1D0171362985}.Release|Any CPU.ActiveCfg = Release|Any CPU
		{44FD830B-7B6A-4038-AEA6-1D0171362985}.Release|Any CPU.Build.0 = Release|Any CPU
		{616E5DAF-C208-42BA-9202-A4D3D0BFF0E5}.Debug|Any CPU.ActiveCfg = Debug|Any CPU
		{616E5DAF-C208-42BA-9202-A4D3D0BFF0E5}.Debug|Any CPU.Build.0 = Debug|Any CPU
		{616E5DAF-C208-42BA-9202-A4D3D0BFF0E5}.Release|Any CPU.ActiveCfg = Release|Any CPU
		{616E5DAF-C208-42BA-9202-A4D3D0BFF0E5}.Release|Any CPU.Build.0 = Release|Any CPU
		{2173F225-DB40-439E-A7D3-A6E6C414CE06}.Debug|Any CPU.ActiveCfg = Debug|Any CPU
		{2173F225-DB40-439E-A7D3-A6E6C414CE06}.Debug|Any CPU.Build.0 = Debug|Any CPU
		{2173F225-DB40-439E-A7D3-A6E6C414CE06}.Release|Any CPU.ActiveCfg = Release|Any CPU
		{2173F225-DB40-439E-A7D3-A6E6C414CE06}.Release|Any CPU.Build.0 = Release|Any CPU
		{7C8909E6-C035-4264-ADF8-6F9B9431859E}.Debug|Any CPU.ActiveCfg = Debug|Any CPU
		{7C8909E6-C035-4264-ADF8-6F9B9431859E}.Debug|Any CPU.Build.0 = Debug|Any CPU
		{7C8909E6-C035-4264-ADF8-6F9B9431859E}.Release|Any CPU.ActiveCfg = Release|Any CPU
		{7C8909E6-C035-4264-ADF8-6F9B9431859E}.Release|Any CPU.Build.0 = Release|Any CPU
		{31D9D053-64EA-4364-99C8-F662E9BDA16C}.Debug|Any CPU.ActiveCfg = Debug|Any CPU
		{31D9D053-64EA-4364-99C8-F662E9BDA16C}.Debug|Any CPU.Build.0 = Debug|Any CPU
		{31D9D053-64EA-4364-99C8-F662E9BDA16C}.Release|Any CPU.ActiveCfg = Release|Any CPU
		{31D9D053-64EA-4364-99C8-F662E9BDA16C}.Release|Any CPU.Build.0 = Release|Any CPU
	EndGlobalSection
	GlobalSection(SolutionProperties) = preSolution
		HideSolutionNode = FALSE
	EndGlobalSection
	GlobalSection(ExtensibilityGlobals) = postSolution
		SolutionGuid = {FD63B0B9-1699-4DBE-B21A-6459C094C767}
	EndGlobalSection
EndGlobal
